
Microsoft Visual Studio Solution File, Format Version 12.00
# Visual Studio Version 16
VisualStudioVersion = 16.0.29215.179
MinimumVisualStudioVersion = 10.0.40219.1
Project("{FAE04EC0-301F-11D3-BF4B-00C04F79EFBC}") = "HackerNews", "HackerNews.csproj", "{7D0D92DB-9900-465E-BF3A-AECB90216195}"
EndProject
Global
	GlobalSection(SolutionConfigurationPlatforms) = preSolution
		Debug|Any CPU = Debug|Any CPU
		Release|Any CPU = Release|Any CPU
	EndGlobalSection
	GlobalSection(ProjectConfigurationPlatforms) = postSolution
		{7D0D92DB-9900-465E-BF3A-AECB90216195}.Debug|Any CPU.ActiveCfg = Debug|Any CPU
		{7D0D92DB-9900-465E-BF3A-AECB90216195}.Debug|Any CPU.Build.0 = Debug|Any CPU
		{7D0D92DB-9900-465E-BF3A-AECB90216195}.Release|Any CPU.ActiveCfg = Release|Any CPU
		{7D0D92DB-9900-465E-BF3A-AECB90216195}.Release|Any CPU.Build.0 = Release|Any CPU
	EndGlobalSection
	GlobalSection(SolutionProperties) = preSolution
		HideSolutionNode = FALSE
	EndGlobalSection
	GlobalSection(ExtensibilityGlobals) = postSolution
		SolutionGuid = {FE80D7AC-16E3-4FFA-BC2C-F8F8A536B652}
	EndGlobalSection
EndGlobal
